PODS:
  - Shorthair (0.1.0):
    - SnapKit (~> 4.2.0)
    - YYAsyncLayer (~> 1.0)
    - YYText (~> 1.0.4)
  - SnapKit (4.2.0)
  - YYAsyncLayer (1.0)
  - YYText (1.0.7)

DEPENDENCIES:
  - Shorthair (from `../`)
  - SnapKit (~> 4.2.0)
  - YYAsyncLayer (~> 1.0)
  - YYText (~> 1.0.4)

SPEC REPOS:
  https://github.com/cocoapods/specs.git:
    - SnapKit
    - YYAsyncLayer
    - YYText

EXTERNAL SOURCES:
  Shorthair:
    :path: "../"

SPEC CHECKSUMS:
  Shorthair: a93eafc0e4f4b154927cbc1f478e5afd01bd330f
  SnapKit: fe8a619752f3f27075cc9a90244d75c6c3f27e2a
  YYAsyncLayer: df6b01ebc695c5f6b4c15dd5c23fa3e081eb25c0
  YYText: 5c461d709e24d55a182d1441c41dc639a18a4849

PODFILE CHECKSUM: f814f4b02f425dc907573ba231e429b41413ea1d

COCOAPODS: 1.6.0
